
Microsoft Visual Studio Solution File, Format Version 12.00
# Visual Studio Version 16
VisualStudioVersion = 16.0.31005.135
MinimumVisualStudioVersion = 10.0.40219.1
Project("{FAE04EC0-301F-11D3-BF4B-00C04F79EFBC}") = "Personel", "Personel\Personel.csproj", "{FC03E9D4-04D1-4681-BDBC-78AD30EF1E7D}"
EndProject
Global
	GlobalSection(SolutionConfigurationPlatforms) = preSolution
		Debug|Any CPU = Debug|Any CPU
		Release|Any CPU = Release|Any CPU
	EndGlobalSection
	GlobalSection(ProjectConfigurationPlatforms) = postSolution
		{FC03E9D4-04D1-4681-BDBC-78AD30EF1E7D}.Debug|Any CPU.ActiveCfg = Debug|Any CPU
		{FC03E9D4-04D1-4681-BDBC-78AD30EF1E7D}.Debug|Any CPU.Build.0 = Debug|Any CPU
		{FC03E9D4-04D1-4681-BDBC-78AD30EF1E7D}.Release|Any CPU.ActiveCfg = Release|Any CPU
		{FC03E9D4-04D1-4681-BDBC-78AD30EF1E7D}.Release|Any CPU.Build.0 = Release|Any CPU
	EndGlobalSection
	GlobalSection(SolutionProperties) = preSolution
		HideSolutionNode = FALSE
	EndGlobalSection
	GlobalSection(ExtensibilityGlobals) = postSolution
		SolutionGuid = {26CDCC99-73A7-40ED-B238-4ACB0AFC5210}
	EndGlobalSection
EndGlobal
